{
  "lockfileVersion": 1,
  "workspaces": {
    "": {
      "name": "emo-vote-api",
      "dependencies": {
        "hono": "^3.12.7",
        "nanoid": "^4.0.2",
        "zod": "^3.22.4",
      },
    },
  },
  "packages": {
    "hono": ["hono@3.12.12", "", {}, "sha512-5IAMJOXfpA5nT+K0MNjClchzz0IhBHs2Szl7WFAhrFOsbtQsYmNynFyJRg/a3IPsmCfxcrf8txUGiNShXpK5Rg=="],

    "nanoid": ["nanoid@4.0.2", "", { "bin": { "nanoid": "bin/nanoid.js" } }, "sha512-7ZtY5KTCNheRGfEFxnedV5zFiORN1+Y1N6zvPTnHQd8ENUvfaDBeuJDZb2bN/oXwXxu3qkTXDzy57W5vAmDTBw=="],

    "zod": ["zod@3.25.76", "", {}, "sha512-gzUt/qt81nXsFGKIFcC3YnfEAx5NkunCfnDlvuBSSFS02bcXu4Lmea0AFIUwbLWxWPx3d9p8S5QoaujKcNQxcQ=="],
  }
}
